{
  "name": "risky",
  "version": "0.0.1",
  "lockfileVersion": 1,
  "requires": true,
  "dependencies": {
    "@nexus/schema": {
      "version": "0.14.0",
      "resolved": "https://registry.npmjs.org/@nexus/schema/-/schema-0.14.0.tgz",
      "integrity": "sha512-niJFcOm1F2s3kwj+j3ips4sIIJaTNh5Auq+zcHwOsRBqSYsFJnA/8QUKMb1wjVIEqS+Jl71Sj4xFdg3/njlm9A==",
      "requires": {
        "iterall": "^1.2.2",
        "tslib": "^1.9.3"
      }
    },
    "graphql": {
      "version": "15.1.0",
      "resolved": "https://registry.npmjs.org/graphql/-/graphql-15.1.0.tgz",
      "integrity": "sha512-0TVyfOlCGhv/DBczQkJmwXOK6fjWkjzY3Pt7wY8i0gcYXq8aogG3weCsg48m72lywKSeOqedEHvVPOvZvSD51Q=="
    },
    "iterall": {
      "version": "1.3.0",
      "resolved": "https://registry.npmjs.org/iterall/-/iterall-1.3.0.tgz",
      "integrity": "sha512-QZ9qOMdF+QLHxy1QIpUHUU1D5pS2CG2P69LF6L6CPjPYA/XMOmKV3PZpawHoAjHNyB0swdVTRxdYT4tbBbxqwg=="
    },
    "tslib": {
      "version": "1.13.0",
      "resolved": "https://registry.npmjs.org/tslib/-/tslib-1.13.0.tgz",
      "integrity": "sha512-i/6DQjL8Xf3be4K/E6Wgpekn5Qasl1usyw++dAA35Ue5orEn65VIxOA+YvNNl9HV3qv70T7CNwjODHZrLwvd1Q=="
    }
  }
}
